
Microsoft Visual Studio Solution File, Format Version 12.00
# Visual Studio Version 16
VisualStudioVersion = 16.0.31410.357
MinimumVisualStudioVersion = 10.0.40219.1
Project("{FAE04EC0-301F-11D3-BF4B-00C04F79EFBC}") = "trabajoFinal", "trabajoFinal\trabajoFinal.csproj", "{D8C2E975-81C1-43A2-A227-4D87C54EA75C}"
EndProject
Project("{FAE04EC0-301F-11D3-BF4B-00C04F79EFBC}") = "Biblioteca", "Biblioteca\Biblioteca.csproj", "{9FF78F00-CDF9-4C29-8350-D980342F9247}"
EndProject
Global
	GlobalSection(SolutionConfigurationPlatforms) = preSolution
		Debug|Any CPU = Debug|Any CPU
		Release|Any CPU = Release|Any CPU
	EndGlobalSection
	GlobalSection(ProjectConfigurationPlatforms) = postSolution
		{D8C2E975-81C1-43A2-A227-4D87C54EA75C}.Debug|Any CPU.ActiveCfg = Debug|Any CPU
		{D8C2E975-81C1-43A2-A227-4D87C54EA75C}.Debug|Any CPU.Build.0 = Debug|Any CPU
		{D8C2E975-81C1-43A2-A227-4D87C54EA75C}.Release|Any CPU.ActiveCfg = Release|Any CPU
		{D8C2E975-81C1-43A2-A227-4D87C54EA75C}.Release|Any CPU.Build.0 = Release|Any CPU
		{9FF78F00-CDF9-4C29-8350-D980342F9247}.Debug|Any CPU.ActiveCfg = Debug|Any CPU
		{9FF78F00-CDF9-4C29-8350-D980342F9247}.Debug|Any CPU.Build.0 = Debug|Any CPU
		{9FF78F00-CDF9-4C29-8350-D980342F9247}.Release|Any CPU.ActiveCfg = Release|Any CPU
		{9FF78F00-CDF9-4C29-8350-D980342F9247}.Release|Any CPU.Build.0 = Release|Any CPU
	EndGlobalSection
	GlobalSection(SolutionProperties) = preSolution
		HideSolutionNode = FALSE
	EndGlobalSection
	GlobalSection(ExtensibilityGlobals) = postSolution
		SolutionGuid = {16DCC652-189B-4D52-9353-2D96D7F713E2}
	EndGlobalSection
EndGlobal
